<?xml version="1.0" encoding="UTF-8" standalone="yes" ?>
<CodeBlocks_project_file>
	<FileVersion major="1" minor="6" />
	<Project>
		<Option title="Othello" />
		<Option pch_mode="2" />
		<Option compiler="gcc" />
		<Build>
			<Target title="Debug">
				<Option output="bin/Debug/Othello" prefix_auto="1" extension_auto="1" />
				<Option object_output="obj/Debug/" />
				<Option type="1" />
				<Option compiler="gcc" />
				<Compiler>
					<Add option="-std=c++11" />
					<Add option="-g" />
				</Compiler>
			</Target>
			<Target title="Release">
				<Option output="bin/Release/Othello" prefix_auto="1" extension_auto="1" />
				<Option object_output="obj/Release/" />
				<Option type="1" />
				<Option compiler="gcc" />
				<Compiler>
					<Add option="-O2" />
				</Compiler>
				<Linker>
					<Add option="-s" />
				</Linker>
			</Target>
		</Build>
		<Compiler>
			<Add option="-Wall" />
			<Add option="-fexceptions" />
		</Compiler>
		<Unit filename="CMakeLists.txt" />
		<Unit filename="cli/cli.cpp" />
		<Unit filename="cli/cli.hpp" />
		<Unit filename="cli/menu/menu.cpp" />
		<Unit filename="cli/menu/menu.hpp" />
		<Unit filename="othello/inc/board/direction_vector.hpp" />
		<Unit filename="othello/inc/board/gameboard.hpp" />
		<Unit filename="othello/inc/board/move.hpp" />
		<Unit filename="othello/inc/board/pun.hpp" />
		<Unit filename="othello/inc/board/valid_move.hpp" />
		<Unit filename="othello/inc/exceptions/exceptions.hpp" />
		<Unit filename="othello/inc/exceptions/exit_game" />
		<Unit filename="othello/inc/exceptions/invalid_move" />
		<Unit filename="othello/inc/game.hpp" />
		<Unit filename="othello/inc/players/human.hpp" />
		<Unit filename="othello/inc/players/player.hpp" />
		<Unit filename="othello/inc/players/simpleai.hpp" />
		<Unit filename="othello/inc/ui/games/gamecliui.hpp" />
		<Unit filename="othello/inc/ui/games/gameui.hpp" />
		<Unit filename="main.cpp" />
		<Unit filename="othello/board/direction_vector.cpp" />
		<Unit filename="othello/board/gameboard.cpp" />
		<Unit filename="othello/board/move.cpp" />
		<Unit filename="othello/board/valid_move.cpp" />
		<Unit filename="othello/game.cpp" />
		<Unit filename="othello/players/human.cpp" />
		<Unit filename="othello/players/player.cpp" />
		<Unit filename="othello/players/simpleai.cpp" />
		<Unit filename="othello/ui/games/gamecliui.cpp" />
		<Extensions>
			<code_completion />
			<envvars />
			<debugger />
			<lib_finder disable_auto="1" />
		</Extensions>
	</Project>
</CodeBlocks_project_file>
