<?xml version="1.0" encoding="UTF-8" standalone="yes" ?>
<CodeBlocks_project_file>
	<FileVersion major="1" minor="6" />
	<Project>
		<Option title="Othello" />
		<Option pch_mode="2" />
		<Option compiler="gcc" />
		<Build>
			<Target title="Debug">
				<Option output="bin/Debug/Othello" prefix_auto="1" extension_auto="1" />
				<Option object_output="obj/Debug/" />
				<Option type="1" />
				<Option compiler="gcc" />
				<Compiler>
					<Add option="-std=c++11" />
					<Add option="-g" />
				</Compiler>
			</Target>
			<Target title="Release">
				<Option output="bin/Release/Othello" prefix_auto="1" extension_auto="1" />
				<Option object_output="obj/Release/" />
				<Option type="1" />
				<Option compiler="gcc" />
				<Compiler>
					<Add option="-O2" />
				</Compiler>
				<Linker>
					<Add option="-s" />
				</Linker>
			</Target>
		</Build>
		<Compiler>
			<Add option="-Wall" />
			<Add option="-fexceptions" />
		</Compiler>
		<Unit filename="CMakeLists.txt" />
		<Unit filename="artificial.cpp" />
		<Unit filename="artificial.h" />
		<Unit filename="board.cpp" />
		<Unit filename="board.h" />
		<Unit filename="cli/cli.cpp" />
		<Unit filename="cli/cli.hpp" />
		<Unit filename="cli/menu/menu.cpp" />
		<Unit filename="cli/menu/menu.hpp" />
		<Unit filename="direction_vector.cpp" />
		<Unit filename="game.cpp" />
		<Unit filename="game.h" />
		<Unit filename="human.cpp" />
		<Unit filename="human.h" />
		<Unit filename="inc/artificial.hpp" />
		<Unit filename="inc/board.hpp" />
		<Unit filename="inc/direction_vector.hpp" />
		<Unit filename="inc/exceptions/exceptions.hpp" />
		<Unit filename="inc/exceptions/exit_game" />
		<Unit filename="inc/exceptions/invalid_move" />
		<Unit filename="inc/game.hpp" />
		<Unit filename="inc/human.hpp" />
		<Unit filename="inc/move.hpp" />
		<Unit filename="inc/player.hpp" />
		<Unit filename="inc/pun.hpp" />
		<Unit filename="inc/ui/games/gamecliui.hpp" />
		<Unit filename="inc/ui/games/gameui.hpp" />
		<Unit filename="inc/valid_move.hpp" />
		<Unit filename="main.cpp" />
		<Unit filename="move.cpp" />
		<Unit filename="othello.h" />
		<Unit filename="player.cpp" />
		<Unit filename="player.h" />
		<Unit filename="ui/games/gamecliui.cpp" />
		<Unit filename="valid_move.cpp" />
		<Extensions>
			<code_completion />
			<envvars />
			<debugger />
			<lib_finder disable_auto="1" />
		</Extensions>
	</Project>
</CodeBlocks_project_file>
